// !$*UTF8*$!
{
	archiveVersion = 1;
	classes = {
	};
	objectVersion = 50;
	objects = {

/* Begin PBXBuildFile section */
		CC4D8950279FD14900966980 /* AppDelegate.swift in Sources */ = {isa = PBXBuildFile; fileRef = CC4D894F279FD14900966980 /* AppDelegate.swift */; };
		CC4D8952279FD14900966980 /* SceneDelegate.swift in Sources */ = {isa = PBXBuildFile; fileRef = CC4D8951279FD14900966980 /* SceneDelegate.swift */; };
		CC4D8954279FD14900966980 /* ViewController.swift in Sources */ = {isa = PBXBuildFile; fileRef = CC4D8953279FD14900966980 /* ViewController.swift */; };
		CC4D8957279FD14900966980 /* Main.storyboard in Resources */ = {isa = PBXBuildFile; fileRef = CC4D8955279FD14900966980 /* Main.storyboard */; };
		CC4D8959279FD15300966980 /* Assets.xcassets in Resources */ = {isa = PBXBuildFile; fileRef = CC4D8958279FD15300966980 /* Assets.xcassets */; };
		CC4D895C279FD15300966980 /* LaunchScreen.storyboard in Resources */ = {isa = PBXBuildFile; fileRef = CC4D895A279FD15300966980 /* LaunchScreen.storyboard */; };
		CC4D8967279FD15400966980 /* Lab1_8805252Tests.swift in Sources */ = {isa = PBXBuildFile; fileRef = CC4D8966279FD15400966980 /* Lab1_8805252Tests.swift */; };
		CC4D8972279FD15400966980 /* Lab1_8805252UITests.swift in Sources */ = {isa = PBXBuildFile; fileRef = CC4D8971279FD15400966980 /* Lab1_8805252UITests.swift */; };
/* End PBXBuildFile section */

/* Begin PBXContainerItemProxy section */
		CC4D8963279FD15400966980 /* PBXContainerItemProxy */ = {
			isa = PBXContainerItemProxy;
			containerPortal = CC4D8944279FD14900966980 /* Project object */;
			proxyType = 1;
			remoteGlobalIDString = CC4D894B279FD14900966980;
			remoteInfo = Lab1_8805252;
		};
		CC4D896E279FD15400966980 /* PBXContainerItemProxy */ = {
			isa = PBXContainerItemProxy;
			containerPortal = CC4D8944279FD14900966980 /* Project object */;
			proxyType = 1;
			remoteGlobalIDString = CC4D894B279FD14900966980;
			remoteInfo = Lab1_8805252;
		};
/* End PBXContainerItemProxy section */

/* Begin PBXFileReference section */
		CC4D894C279FD14900966980 /* Lab1_8805252.app */ = {isa = PBXFileReference; explicitFileType = wrapper.application; includeInIndex = 0; path = Lab1_8805252.app; sourceTree = BUILT_PRODUCTS_DIR; };
		CC4D894F279FD14900966980 /* AppDelegate.swift */ = {isa = PBXFileReference; lastKnownFileType = sourcecode.swift; path = AppDelegate.swift; sourceTree = "<group>"; };
		CC4D8951279FD14900966980 /* SceneDelegate.swift */ = {isa = PBXFileReference; lastKnownFileType = sourcecode.swift; path = SceneDelegate.swift; sourceTree = "<group>"; };
		CC4D8953279FD14900966980 /* ViewController.swift */ = {isa = PBXFileReference; lastKnownFileType = sourcecode.swift; path = ViewController.swift; sourceTree = "<group>"; };
		CC4D8956279FD14900966980 /* Base */ = {isa = PBXFileReference; lastKnownFileType = file.storyboard; name = Base; path = Base.lproj/Main.storyboard; sourceTree = "<group>"; };
		CC4D8958279FD15300966980 /* Assets.xcassets */ = {isa = PBXFileReference; lastKnownFileType = folder.assetcatalog; path = Assets.xcassets; sourceTree = "<group>"; };
		CC4D895B279FD15300966980 /* Base */ = {isa = PBXFileReference; lastKnownFileType = file.storyboard; name = Base; path = Base.lproj/LaunchScreen.storyboard; sourceTree = "<group>"; };
		CC4D895D279FD15300966980 /* Info.plist */ = {isa = PBXFileReference; lastKnownFileType = text.plist.xml; path = Info.plist; sourceTree = "<group>"; };
		CC4D8962279FD15400966980 /* Lab1_8805252Tests.xctest */ = {isa = PBXFileReference; explicitFileType = wrapper.cfbundle; includeInIndex = 0; path = Lab1_8805252Tests.xctest; sourceTree = BUILT_PRODUCTS_DIR; };
		CC4D8966279FD15400966980 /* Lab1_8805252Tests.swift */ = {isa = PBXFileReference; lastKnownFileType = sourcecode.swift; path = Lab1_8805252Tests.swift; sourceTree = "<group>"; };
		CC4D8968279FD15400966980 /* Info.plist */ = {isa = PBXFileReference; lastKnownFileType = text.plist.xml; path = Info.plist; sourceTree = "<group>"; };
		CC4D896D279FD15400966980 /* Lab1_8805252UITests.xctest */ = {isa = PBXFileReference; explicitFileType = wrapper.cfbundle; includeInIndex = 0; path = Lab1_8805252UITests.xctest; sourceTree = BUILT_PRODUCTS_DIR; };
		CC4D8971279FD15400966980 /* Lab1_8805252UITests.swift */ = {isa = PBXFileReference; lastKnownFileType = sourcecode.swift; path = Lab1_8805252UITests.swift; sourceTree = "<group>"; };
		CC4D8973279FD15400966980 /* Info.plist */ = {isa = PBXFileReference; lastKnownFileType = text.plist.xml; path = Info.plist; sourceTree = "<group>"; };
/* End PBXFileReference section */

/* Begin PBXFrameworksBuildPhase section */
		CC4D8949279FD14900966980 /* Frameworks */ = {
			isa = PBXFrameworksBuildPhase;
			buildActionMask = 2147483647;
			files = (
			);
			runOnlyForDeploymentPostprocessing = 0;
		};
		CC4D895F279FD15400966980 /* Frameworks */ = {
			isa = PBXFrameworksBuildPhase;
			buildActionMask = 2147483647;
			files = (
			);
			runOnlyForDeploymentPostprocessing = 0;
		};
		CC4D896A279FD15400966980 /* Frameworks */ = {
			isa = PBXFrameworksBuildPhase;
			buildActionMask = 2147483647;
			files = (
			);
			runOnlyForDeploymentPostprocessing = 0;
		};
/* End PBXFrameworksBuildPhase section */

/* Begin PBXGroup section */
		CC4D8943279FD14900966980 = {
			isa = PBXGroup;
			children = (
				CC4D894E279FD14900966980 /* Lab1_8805252 */,
				CC4D8965279FD15400966980 /* Lab1_8805252Tests */,
				CC4D8970279FD15400966980 /* Lab1_8805252UITests */,
				CC4D894D279FD14900966980 /* Products */,
			);
			sourceTree = "<group>";
		};
		CC4D894D279FD14900966980 /* Products */ = {
			isa = PBXGroup;
			children = (
				CC4D894C279FD14900966980 /* Lab1_8805252.app */,
				CC4D8962279FD15400966980 /* Lab1_8805252Tests.xctest */,
				CC4D896D279FD15400966980 /* Lab1_8805252UITests.xctest */,
			);
			name = Products;
			sourceTree = "<group>";
		};
		CC4D894E279FD14900966980 /* Lab1_8805252 */ = {
			isa = PBXGroup;
			children = (
				CC4D894F279FD14900966980 /* AppDelegate.swift */,
				CC4D8951279FD14900966980 /* SceneDelegate.swift */,
				CC4D8953279FD14900966980 /* ViewController.swift */,
				CC4D8955279FD14900966980 /* Main.storyboard */,
				CC4D8958279FD15300966980 /* Assets.xcassets */,
				CC4D895A279FD15300966980 /* LaunchScreen.storyboard */,
				CC4D895D279FD15300966980 /* Info.plist */,
			);
			path = Lab1_8805252;
			sourceTree = "<group>";
		};
		CC4D8965279FD15400966980 /* Lab1_8805252Tests */ = {
			isa = PBXGroup;
			children = (
				CC4D8966279FD15400966980 /* Lab1_8805252Tests.swift */,
				CC4D8968279FD15400966980 /* Info.plist */,
			);
			path = Lab1_8805252Tests;
			sourceTree = "<group>";
		};
		CC4D8970279FD15400966980 /* Lab1_8805252UITests */ = {
			isa = PBXGroup;
			children = (
				CC4D8971279FD15400966980 /* Lab1_8805252UITests.swift */,
				CC4D8973279FD15400966980 /* Info.plist */,
			);
			path = Lab1_8805252UITests;
			sourceTree = "<group>";
		};
/* End PBXGroup section */

/* Begin PBXNativeTarget section */
		CC4D894B279FD14900966980 /* Lab1_8805252 */ = {
			isa = PBXNativeTarget;
			buildConfigurationList = CC4D8976279FD15400966980 /* Build configuration list for PBXNativeTarget "Lab1_8805252" */;
			buildPhases = (
				CC4D8948279FD14900966980 /* Sources */,
				CC4D8949279FD14900966980 /* Frameworks */,
				CC4D894A279FD14900966980 /* Resources */,
			);
			buildRules = (
			);
			dependencies = (
			);
			name = Lab1_8805252;
			productName = Lab1_8805252;
			productReference = CC4D894C279FD14900966980 /* Lab1_8805252.app */;
			productType = "com.apple.product-type.application";
		};
		CC4D8961279FD15400966980 /* Lab1_8805252Tests */ = {
			isa = PBXNativeTarget;
			buildConfigurationList = CC4D8979279FD15400966980 /* Build configuration list for PBXNativeTarget "Lab1_8805252Tests" */;
			buildPhases = (
				CC4D895E279FD15400966980 /* Sources */,
				CC4D895F279FD15400966980 /* Frameworks */,
				CC4D8960279FD15400966980 /* Resources */,
			);
			buildRules = (
			);
			dependencies = (
				CC4D8964279FD15400966980 /* PBXTargetDependency */,
			);
			name = Lab1_8805252Tests;
			productName = Lab1_8805252Tests;
			productReference = CC4D8962279FD15400966980 /* Lab1_8805252Tests.xctest */;
			productType = "com.apple.product-type.bundle.unit-test";
		};
		CC4D896C279FD15400966980 /* Lab1_8805252UITests */ = {
			isa = PBXNativeTarget;
			buildConfigurationList = CC4D897C279FD15400966980 /* Build configuration list for PBXNativeTarget "Lab1_8805252UITests" */;
			buildPhases = (
				CC4D8969279FD15400966980 /* Sources */,
				CC4D896A279FD15400966980 /* Frameworks */,
				CC4D896B279FD15400966980 /* Resources */,
			);
			buildRules = (
			);
			dependencies = (
				CC4D896F279FD15400966980 /* PBXTargetDependency */,
			);
			name = Lab1_8805252UITests;
			productName = Lab1_8805252UITests;
			productReference = CC4D896D279FD15400966980 /* Lab1_8805252UITests.xctest */;
			productType = "com.apple.product-type.bundle.ui-testing";
		};
/* End PBXNativeTarget section */

/* Begin PBXProject section */
		CC4D8944279FD14900966980 /* Project object */ = {
			isa = PBXProject;
			attributes = {
				LastSwiftUpdateCheck = 1240;
				LastUpgradeCheck = 1240;
				TargetAttributes = {
					CC4D894B279FD14900966980 = {
						CreatedOnToolsVersion = 12.4;
					};
					CC4D8961279FD15400966980 = {
						CreatedOnToolsVersion = 12.4;
						TestTargetID = CC4D894B279FD14900966980;
					};
					CC4D896C279FD15400966980 = {
						CreatedOnToolsVersion = 12.4;
						TestTargetID = CC4D894B279FD14900966980;
					};
				};
			};
			buildConfigurationList = CC4D8947279FD14900966980 /* Build configuration list for PBXProject "Lab1_8805252" */;
			compatibilityVersion = "Xcode 9.3";
			developmentRegion = en;
			hasScannedForEncodings = 0;
			knownRegions = (
				en,
				Base,
			);
			mainGroup = CC4D8943279FD14900966980;
			productRefGroup = CC4D894D279FD14900966980 /* Products */;
			projectDirPath = "";
			projectRoot = "";
			targets = (
				CC4D894B279FD14900966980 /* Lab1_8805252 */,
				CC4D8961279FD15400966980 /* Lab1_8805252Tests */,
				CC4D896C279FD15400966980 /* Lab1_8805252UITests */,
			);
		};
/* End PBXProject section */

/* Begin PBXResourcesBuildPhase section */
		CC4D894A279FD14900966980 /* Resources */ = {
			isa = PBXResourcesBuildPhase;
			buildActionMask = 2147483647;
			files = (
				CC4D895C279FD15300966980 /* LaunchScreen.storyboard in Resources */,
				CC4D8959279FD15300966980 /* Assets.xcassets in Resources */,
				CC4D8957279FD14900966980 /* Main.storyboard in Resources */,
			);
			runOnlyForDeploymentPostprocessing = 0;
		};
		CC4D8960279FD15400966980 /* Resources */ = {
			isa = PBXResourcesBuildPhase;
			buildActionMask = 2147483647;
			files = (
			);
			runOnlyForDeploymentPostprocessing = 0;
		};
		CC4D896B279FD15400966980 /* Resources */ = {
			isa = PBXResourcesBuildPhase;
			buildActionMask = 2147483647;
			files = (
			);
			runOnlyForDeploymentPostprocessing = 0;
		};
/* End PBXResourcesBuildPhase section */

/* Begin PBXSourcesBuildPhase section */
		CC4D8948279FD14900966980 /* Sources */ = {
			isa = PBXSourcesBuildPhase;
			buildActionMask = 2147483647;
			files = (
				CC4D8954279FD14900966980 /* ViewController.swift in Sources */,
				CC4D8950279FD14900966980 /* AppDelegate.swift in Sources */,
				CC4D8952279FD14900966980 /* SceneDelegate.swift in Sources */,
			);
			runOnlyForDeploymentPostprocessing = 0;
		};
		CC4D895E279FD15400966980 /* Sources */ = {
			isa = PBXSourcesBuildPhase;
			buildActionMask = 2147483647;
			files = (
				CC4D8967279FD15400966980 /* Lab1_8805252Tests.swift in Sources */,
			);
			runOnlyForDeploymentPostprocessing = 0;
		};
		CC4D8969279FD15400966980 /* Sources */ = {
			isa = PBXSourcesBuildPhase;
			buildActionMask = 2147483647;
			files = (
				CC4D8972279FD15400966980 /* Lab1_8805252UITests.swift in Sources */,
			);
			runOnlyForDeploymentPostprocessing = 0;
		};
/* End PBXSourcesBuildPhase section */

/* Begin PBXTargetDependency section */
		CC4D8964279FD15400966980 /* PBXTargetDependency */ = {
			isa = PBXTargetDependency;
			target = CC4D894B279FD14900966980 /* Lab1_8805252 */;
			targetProxy = CC4D8963279FD15400966980 /* PBXContainerItemProxy */;
		};
		CC4D896F279FD15400966980 /* PBXTargetDependency */ = {
			isa = PBXTargetDependency;
			target = CC4D894B279FD14900966980 /* Lab1_8805252 */;
			targetProxy = CC4D896E279FD15400966980 /* PBXContainerItemProxy */;
		};
/* End PBXTargetDependency section */

/* Begin PBXVariantGroup section */
		CC4D8955279FD14900966980 /* Main.storyboard */ = {
			isa = PBXVariantGroup;
			children = (
				CC4D8956279FD14900966980 /* Base */,
			);
			name = Main.storyboard;
			sourceTree = "<group>";
		};
		CC4D895A279FD15300966980 /* LaunchScreen.storyboard */ = {
			isa = PBXVariantGroup;
			children = (
				CC4D895B279FD15300966980 /* Base */,
			);
			name = LaunchScreen.storyboard;
			sourceTree = "<group>";
		};
/* End PBXVariantGroup section */

/* Begin XCBuildConfiguration section */
		CC4D8974279FD15400966980 /* Debug */ = {
			isa = XCBuildConfiguration;
			buildSettings = {
				ALWAYS_SEARCH_USER_PATHS = NO;
				CLANG_ANALYZER_NONNULL = YES;
				CLANG_ANALYZER_NUMBER_OBJECT_CONVERSION = YES_AGGRESSIVE;
				CLANG_CXX_LANGUAGE_STANDARD = "gnu++14";
				CLANG_CXX_LIBRARY = "libc++";
				CLANG_ENABLE_MODULES = YES;
				CLANG_ENABLE_OBJC_ARC = YES;
				CLANG_ENABLE_OBJC_WEAK = YES;
				CLANG_WARN_BLOCK_CAPTURE_AUTORELEASING = YES;
				CLANG_WARN_BOOL_CONVERSION = YES;
				CLANG_WARN_COMMA = YES;
				CLANG_WARN_CONSTANT_CONVERSION = YES;
				CLANG_WARN_DEPRECATED_OBJC_IMPLEMENTATIONS = YES;
				CLANG_WARN_DIRECT_OBJC_ISA_USAGE = YES_ERROR;
				CLANG_WARN_DOCUMENTATION_COMMENTS = YES;
				CLANG_WARN_EMPTY_BODY = YES;
				CLANG_WARN_ENUM_CONVERSION = YES;
				CLANG_WARN_INFINITE_RECURSION = YES;
				CLANG_WARN_INT_CONVERSION = YES;
				CLANG_WARN_NON_LITERAL_NULL_CONVERSION = YES;
				CLANG_WARN_OBJC_IMPLICIT_RETAIN_SELF = YES;
				CLANG_WARN_OBJC_LITERAL_CONVERSION = YES;
				CLANG_WARN_OBJC_ROOT_CLASS = YES_ERROR;
				CLANG_WARN_QUOTED_INCLUDE_IN_FRAMEWORK_HEADER = YES;
				CLANG_WARN_RANGE_LOOP_ANALYSIS = YES;
				CLANG_WARN_STRICT_PROTOTYPES = YES;
				CLANG_WARN_SUSPICIOUS_MOVE = YES;
				CLANG_WARN_UNGUARDED_AVAILABILITY = YES_AGGRESSIVE;
				CLANG_WARN_UNREACHABLE_CODE = YES;
				CLANG_WARN__DUPLICATE_METHOD_MATCH = YES;
				COPY_PHASE_STRIP = NO;
				DEBUG_INFORMATION_FORMAT = dwarf;
				ENABLE_STRICT_OBJC_MSGSEND = YES;
				ENABLE_TESTABILITY = YES;
				GCC_C_LANGUAGE_STANDARD = gnu11;
				GCC_DYNAMIC_NO_PIC = NO;
				GCC_NO_COMMON_BLOCKS = YES;
				GCC_OPTIMIZATION_LEVEL = 0;
				GCC_PREPROCESSOR_DEFINITIONS = (
					"DEBUG=1",
					"$(inherited)",
				);
				GCC_WARN_64_TO_32_BIT_CONVERSION = YES;
				GCC_WARN_ABOUT_RETURN_TYPE = YES_ERROR;
				GCC_WARN_UNDECLARED_SELECTOR = YES;
				GCC_WARN_UNINITIALIZED_AUTOS = YES_AGGRESSIVE;
				GCC_WARN_UNUSED_FUNCTION = YES;
				GCC_WARN_UNUSED_VARIABLE = YES;
				IPHONEOS_DEPLOYMENT_TARGET = 14.4;
				MTL_ENABLE_DEBUG_INFO = INCLUDE_SOURCE;
				MTL_FAST_MATH = YES;
				ONLY_ACTIVE_ARCH = YES;
				SDKROOT = iphoneos;
				SWIFT_ACTIVE_COMPILATION_CONDITIONS = DEBUG;
				SWIFT_OPTIMIZATION_LEVEL = "-Onone";
			};
			name = Debug;
		};
		CC4D8975279FD15400966980 /* Release */ = {
			isa = XCBuildConfiguration;
			buildSettings = {
				ALWAYS_SEARCH_USER_PATHS = NO;
				CLANG_ANALYZER_NONNULL = YES;
				CLANG_ANALYZER_NUMBER_OBJECT_CONVERSION = YES_AGGRESSIVE;
				CLANG_CXX_LANGUAGE_STANDARD = "gnu++14";
				CLANG_CXX_LIBRARY = "libc++";
				CLANG_ENABLE_MODULES = YES;
				CLANG_ENABLE_OBJC_ARC = YES;
				CLANG_ENABLE_OBJC_WEAK = YES;
				CLANG_WARN_BLOCK_CAPTURE_AUTORELEASING = YES;
				CLANG_WARN_BOOL_CONVERSION = YES;
				CLANG_WARN_COMMA = YES;
				CLANG_WARN_CONSTANT_CONVERSION = YES;
				CLANG_WARN_DEPRECATED_OBJC_IMPLEMENTATIONS = YES;
				CLANG_WARN_DIRECT_OBJC_ISA_USAGE = YES_ERROR;
				CLANG_WARN_DOCUMENTATION_COMMENTS = YES;
				CLANG_WARN_EMPTY_BODY = YES;
				CLANG_WARN_ENUM_CONVERSION = YES;
				CLANG_WARN_INFINITE_RECURSION = YES;
				CLANG_WARN_INT_CONVERSION = YES;
				CLANG_WARN_NON_LITERAL_NULL_CONVERSION = YES;
				CLANG_WARN_OBJC_IMPLICIT_RETAIN_SELF = YES;
				CLANG_WARN_OBJC_LITERAL_CONVERSION = YES;
				CLANG_WARN_OBJC_ROOT_CLASS = YES_ERROR;
				CLANG_WARN_QUOTED_INCLUDE_IN_FRAMEWORK_HEADER = YES;
				CLANG_WARN_RANGE_LOOP_ANALYSIS = YES;
				CLANG_WARN_STRICT_PROTOTYPES = YES;
				CLANG_WARN_SUSPICIOUS_MOVE = YES;
				CLANG_WARN_UNGUARDED_AVAILABILITY = YES_AGGRESSIVE;
				CLANG_WARN_UNREACHABLE_CODE = YES;
				CLANG_WARN__DUPLICATE_METHOD_MATCH = YES;
				COPY_PHASE_STRIP = NO;
				DEBUG_INFORMATION_FORMAT = "dwarf-with-dsym";
				ENABLE_NS_ASSERTIONS = NO;
				ENABLE_STRICT_OBJC_MSGSEND = YES;
				GCC_C_LANGUAGE_STANDARD = gnu11;
				GCC_NO_COMMON_BLOCKS = YES;
				GCC_WARN_64_TO_32_BIT_CONVERSION = YES;
				GCC_WARN_ABOUT_RETURN_TYPE = YES_ERROR;
				GCC_WARN_UNDECLARED_SELECTOR = YES;
				GCC_WARN_UNINITIALIZED_AUTOS = YES_AGGRESSIVE;
				GCC_WARN_UNUSED_FUNCTION = YES;
				GCC_WARN_UNUSED_VARIABLE = YES;
				IPHONEOS_DEPLOYMENT_TARGET = 14.4;
				MTL_ENABLE_DEBUG_INFO = NO;
				MTL_FAST_MATH = YES;
				SDKROOT = iphoneos;
				SWIFT_COMPILATION_MODE = wholemodule;
				SWIFT_OPTIMIZATION_LEVEL = "-O";
				VALIDATE_PRODUCT = YES;
			};
			name = Release;
		};
		CC4D8977279FD15400966980 /* Debug */ = {
			isa = XCBuildConfiguration;
			buildSettings = {
				ASSETCATALOG_COMPILER_APPICON_NAME = AppIcon;
				ASSETCATALOG_COMPILER_GLOBAL_ACCENT_COLOR_NAME = AccentColor;
				CODE_SIGN_STYLE = Automatic;
				DEVELOPMENT_TEAM = AMW982LYBB;
				INFOPLIST_FILE = Lab1_8805252/Info.plist;
				LD_RUNPATH_SEARCH_PATHS = (
					"$(inherited)",
					"@executable_path/Frameworks",
				);
				PRODUCT_BUNDLE_IDENTIFIER = "com.conestoga.Lab1-8805252";
				PRODUCT_NAME = "$(TARGET_NAME)";
				SWIFT_VERSION = 5.0;
				TARGETED_DEVICE_FAMILY = 1;
			};
			name = Debug;
		};
		CC4D8978279FD15400966980 /* Release */ = {
			isa = XCBuildConfiguration;
			buildSettings = {
				ASSETCATALOG_COMPILER_APPICON_NAME = AppIcon;
				ASSETCATALOG_COMPILER_GLOBAL_ACCENT_COLOR_NAME = AccentColor;
				CODE_SIGN_STYLE = Automatic;
				DEVELOPMENT_TEAM = AMW982LYBB;
				INFOPLIST_FILE = Lab1_8805252/Info.plist;
				LD_RUNPATH_SEARCH_PATHS = (
					"$(inherited)",
					"@executable_path/Frameworks",
				);
				PRODUCT_BUNDLE_IDENTIFIER = "com.conestoga.Lab1-8805252";
				PRODUCT_NAME = "$(TARGET_NAME)";
				SWIFT_VERSION = 5.0;
				TARGETED_DEVICE_FAMILY = 1;
			};
			name = Release;
		};
		CC4D897A279FD15400966980 /* Debug */ = {
			isa = XCBuildConfiguration;
			buildSettings = {
				ALWAYS_EMBED_SWIFT_STANDARD_LIBRARIES = YES;
				BUNDLE_LOADER = "$(TEST_HOST)";
				CODE_SIGN_STYLE = Automatic;
				DEVELOPMENT_TEAM = AMW982LYBB;
				INFOPLIST_FILE = Lab1_8805252Tests/Info.plist;
				IPHONEOS_DEPLOYMENT_TARGET = 14.4;
				LD_RUNPATH_SEARCH_PATHS = (
					"$(inherited)",
					"@executable_path/Frameworks",
					"@loader_path/Frameworks",
				);
				PRODUCT_BUNDLE_IDENTIFIER = "com.conestoga.Lab1-8805252Tests";
				PRODUCT_NAME = "$(TARGET_NAME)";
				SWIFT_VERSION = 5.0;
				TARGETED_DEVICE_FAMILY = "1,2";
				TEST_HOST = "$(BUILT_PRODUCTS_DIR)/Lab1_8805252.app/Lab1_8805252";
			};
			name = Debug;
		};
		CC4D897B279FD15400966980 /* Release */ = {
			isa = XCBuildConfiguration;
			buildSettings = {
				ALWAYS_EMBED_SWIFT_STANDARD_LIBRARIES = YES;
				BUNDLE_LOADER = "$(TEST_HOST)";
				CODE_SIGN_STYLE = Automatic;
				DEVELOPMENT_TEAM = AMW982LYBB;
				INFOPLIST_FILE = Lab1_8805252Tests/Info.plist;
				IPHONEOS_DEPLOYMENT_TARGET = 14.4;
				LD_RUNPATH_SEARCH_PATHS = (
					"$(inherited)",
					"@executable_path/Frameworks",
					"@loader_path/Frameworks",
				);
				PRODUCT_BUNDLE_IDENTIFIER = "com.conestoga.Lab1-8805252Tests";
				PRODUCT_NAME = "$(TARGET_NAME)";
				SWIFT_VERSION = 5.0;
				TARGETED_DEVICE_FAMILY = "1,2";
				TEST_HOST = "$(BUILT_PRODUCTS_DIR)/Lab1_8805252.app/Lab1_8805252";
			};
			name = Release;
		};
		CC4D897D279FD15400966980 /* Debug */ = {
			isa = XCBuildConfiguration;
			buildSettings = {
				ALWAYS_EMBED_SWIFT_STANDARD_LIBRARIES = YES;
				CODE_SIGN_STYLE = Automatic;
				DEVELOPMENT_TEAM = AMW982LYBB;
				INFOPLIST_FILE = Lab1_8805252UITests/Info.plist;
				LD_RUNPATH_SEARCH_PATHS = (
					"$(inherited)",
					"@executable_path/Frameworks",
					"@loader_path/Frameworks",
				);
				PRODUCT_BUNDLE_IDENTIFIER = "com.conestoga.Lab1-8805252UITests";
				PRODUCT_NAME = "$(TARGET_NAME)";
				SWIFT_VERSION = 5.0;
				TARGETED_DEVICE_FAMILY = "1,2";
				TEST_TARGET_NAME = Lab1_8805252;
			};
			name = Debug;
		};
		CC4D897E279FD15400966980 /* Release */ = {
			isa = XCBuildConfiguration;
			buildSettings = {
				ALWAYS_EMBED_SWIFT_STANDARD_LIBRARIES = YES;
				CODE_SIGN_STYLE = Automatic;
				DEVELOPMENT_TEAM = AMW982LYBB;
				INFOPLIST_FILE = Lab1_8805252UITests/Info.plist;
				LD_RUNPATH_SEARCH_PATHS = (
					"$(inherited)",
					"@executable_path/Frameworks",
					"@loader_path/Frameworks",
				);
				PRODUCT_BUNDLE_IDENTIFIER = "com.conestoga.Lab1-8805252UITests";
				PRODUCT_NAME = "$(TARGET_NAME)";
				SWIFT_VERSION = 5.0;
				TARGETED_DEVICE_FAMILY = "1,2";
				TEST_TARGET_NAME = Lab1_8805252;
			};
			name = Release;
		};
/* End XCBuildConfiguration section */

/* Begin XCConfigurationList section */
		CC4D8947279FD14900966980 /* Build configuration list for PBXProject "Lab1_8805252" */ = {
			isa = XCConfigurationList;
			buildConfigurations = (
				CC4D8974279FD15400966980 /* Debug */,
				CC4D8975279FD15400966980 /* Release */,
			);
			defaultConfigurationIsVisible = 0;
			defaultConfigurationName = Release;
		};
		CC4D8976279FD15400966980 /* Build configuration list for PBXNativeTarget "Lab1_8805252" */ = {
			isa = XCConfigurationList;
			buildConfigurations = (
				CC4D8977279FD15400966980 /* Debug */,
				CC4D8978279FD15400966980 /* Release */,
			);
			defaultConfigurationIsVisible = 0;
			defaultConfigurationName = Release;
		};
		CC4D8979279FD15400966980 /* Build configuration list for PBXNativeTarget "Lab1_8805252Tests" */ = {
			isa = XCConfigurationList;
			buildConfigurations = (
				CC4D897A279FD15400966980 /* Debug */,
				CC4D897B279FD15400966980 /* Release */,
			);
			defaultConfigurationIsVisible = 0;
			defaultConfigurationName = Release;
		};
		CC4D897C279FD15400966980 /* Build configuration list for PBXNativeTarget "Lab1_8805252UITests" */ = {
			isa = XCConfigurationList;
			buildConfigurations = (
				CC4D897D279FD15400966980 /* Debug */,
				CC4D897E279FD15400966980 /* Release */,
			);
			defaultConfigurationIsVisible = 0;
			defaultConfigurationName = Release;
		};
/* End XCConfigurationList section */
	};
	rootObject = CC4D8944279FD14900966980 /* Project object */;
}
